
Microsoft Visual Studio Solution File, Format Version 12.00
# Visual Studio Version 17
VisualStudioVersion = 17.4.33205.214
MinimumVisualStudioVersion = 10.0.40219.1
Project("{2150E333-8FDC-42A3-9474-1A3956D46DE8}") = "Web", "Web", "{370E4539-1686-4E75-ADAD-81BF6A0AED84}"
EndProject
Project("{2150E333-8FDC-42A3-9474-1A3956D46DE8}") = "Services", "Services", "{DC4A0C70-D357-494A-B6B6-377A15764E22}"
EndProject
Project("{2150E333-8FDC-42A3-9474-1A3956D46DE8}") = "Integrations", "Integrations", "{1E56AC39-7838-4B62-A3F9-34E37EC2C179}"
EndProject
Project("{2150E333-8FDC-42A3-9474-1A3956D46DE8}") = "Payments", "Payments", "{FCE0B004-C821-4F0C-AA32-9FC003AE1ED2}"
EndProject
Project("{2150E333-8FDC-42A3-9474-1A3956D46DE8}") = "Gateway", "Gateway", "{FBD3B29C-FDA4-4105-9138-4B2EA21CA10C}"
EndProject
Project("{9A19103F-16F7-4668-BE54-9A1E7A4F7556}") = "Mango.Web", "Mango.Web\Mango.Web.csproj", "{5AB158FF-61A3-4AE3-BCF9-3F7C5B881101}"
	ProjectSection(ProjectDependencies) = postProject
		{9ED43CB8-0528-4ABF-AF1D-8AC4EC634D22} = {9ED43CB8-0528-4ABF-AF1D-8AC4EC634D22}
		{33A89C90-5AB6-44C3-B237-3A5F9753E3B6} = {33A89C90-5AB6-44C3-B237-3A5F9753E3B6}
	EndProjectSection
EndProject
Project("{9A19103F-16F7-4668-BE54-9A1E7A4F7556}") = "Mango.Services.ProductAPI", "Mango.Services.ProductAPI\Mango.Services.ProductAPI.csproj", "{33A89C90-5AB6-44C3-B237-3A5F9753E3B6}"
EndProject
Project("{9A19103F-16F7-4668-BE54-9A1E7A4F7556}") = "Mango.Services.Identity", "Mango.Services.Identity\Mango.Services.Identity.csproj", "{9ED43CB8-0528-4ABF-AF1D-8AC4EC634D22}"
EndProject
Project("{9A19103F-16F7-4668-BE54-9A1E7A4F7556}") = "Mango.Services.ShoppingCartAPI", "Mango.Services.ShoppingCartAPI\Mango.Services.ShoppingCartAPI.csproj", "{513E2C93-E125-4F58-8E4E-2C4A004CA742}"
EndProject
Project("{9A19103F-16F7-4668-BE54-9A1E7A4F7556}") = "Mango.Services.CouponAPI", "Mango.Services.CouponAPI\Mango.Services.CouponAPI.csproj", "{8E795B28-31C0-4814-92FC-D44FE5C4CC19}"
EndProject
Project("{9A19103F-16F7-4668-BE54-9A1E7A4F7556}") = "Mango.MessageBus", "Mango.MessageBus\Mango.MessageBus.csproj", "{17A9A2B0-CECB-4206-A60D-8E745F1962B6}"
EndProject
Project("{9A19103F-16F7-4668-BE54-9A1E7A4F7556}") = "Mango.Services.OrderProcessor", "Mango.Services.OrderProcessor\Mango.Services.OrderProcessor.csproj", "{F6F357D6-3C6B-4A7D-99B0-4B6C6D7EFCE2}"
EndProject
Project("{9A19103F-16F7-4668-BE54-9A1E7A4F7556}") = "PaymentProcessor", "PaymentProcessor\PaymentProcessor.csproj", "{68BC208A-E9F6-4BE7-9D86-4D6350A34712}"
EndProject
Project("{9A19103F-16F7-4668-BE54-9A1E7A4F7556}") = "Mango.Services.PaymentProcessor", "Mango.Services.PaymentProcessor\Mango.Services.PaymentProcessor.csproj", "{0D8FC738-979A-4BC2-96C3-A0AC9CF83B1C}"
EndProject
Project("{9A19103F-16F7-4668-BE54-9A1E7A4F7556}") = "Mango.Services.Email", "Mango.Services.Email\Mango.Services.Email.csproj", "{E8C6A7E5-4C91-40E2-9DA4-6DDC67A18042}"
EndProject
Project("{9A19103F-16F7-4668-BE54-9A1E7A4F7556}") = "ApiGateway", "ApiGateway\ApiGateway.csproj", "{F68061E6-1978-4A38-A490-A72448C4B737}"
EndProject
Global
	GlobalSection(SolutionConfigurationPlatforms) = preSolution
		Debug|Any CPU = Debug|Any CPU
		Release|Any CPU = Release|Any CPU
	EndGlobalSection
	GlobalSection(ProjectConfigurationPlatforms) = postSolution
		{5AB158FF-61A3-4AE3-BCF9-3F7C5B881101}.Debug|Any CPU.ActiveCfg = Debug|Any CPU
		{5AB158FF-61A3-4AE3-BCF9-3F7C5B881101}.Debug|Any CPU.Build.0 = Debug|Any CPU
		{5AB158FF-61A3-4AE3-BCF9-3F7C5B881101}.Release|Any CPU.ActiveCfg = Release|Any CPU
		{5AB158FF-61A3-4AE3-BCF9-3F7C5B881101}.Release|Any CPU.Build.0 = Release|Any CPU
		{33A89C90-5AB6-44C3-B237-3A5F9753E3B6}.Debug|Any CPU.ActiveCfg = Debug|Any CPU
		{33A89C90-5AB6-44C3-B237-3A5F9753E3B6}.Debug|Any CPU.Build.0 = Debug|Any CPU
		{33A89C90-5AB6-44C3-B237-3A5F9753E3B6}.Release|Any CPU.ActiveCfg = Release|Any CPU
		{33A89C90-5AB6-44C3-B237-3A5F9753E3B6}.Release|Any CPU.Build.0 = Release|Any CPU
		{9ED43CB8-0528-4ABF-AF1D-8AC4EC634D22}.Debug|Any CPU.ActiveCfg = Debug|Any CPU
		{9ED43CB8-0528-4ABF-AF1D-8AC4EC634D22}.Debug|Any CPU.Build.0 = Debug|Any CPU
		{9ED43CB8-0528-4ABF-AF1D-8AC4EC634D22}.Release|Any CPU.ActiveCfg = Release|Any CPU
		{9ED43CB8-0528-4ABF-AF1D-8AC4EC634D22}.Release|Any CPU.Build.0 = Release|Any CPU
		{513E2C93-E125-4F58-8E4E-2C4A004CA742}.Debug|Any CPU.ActiveCfg = Debug|Any CPU
		{513E2C93-E125-4F58-8E4E-2C4A004CA742}.Debug|Any CPU.Build.0 = Debug|Any CPU
		{513E2C93-E125-4F58-8E4E-2C4A004CA742}.Release|Any CPU.ActiveCfg = Release|Any CPU
		{513E2C93-E125-4F58-8E4E-2C4A004CA742}.Release|Any CPU.Build.0 = Release|Any CPU
		{8E795B28-31C0-4814-92FC-D44FE5C4CC19}.Debug|Any CPU.ActiveCfg = Debug|Any CPU
		{8E795B28-31C0-4814-92FC-D44FE5C4CC19}.Debug|Any CPU.Build.0 = Debug|Any CPU
		{8E795B28-31C0-4814-92FC-D44FE5C4CC19}.Release|Any CPU.ActiveCfg = Release|Any CPU
		{8E795B28-31C0-4814-92FC-D44FE5C4CC19}.Release|Any CPU.Build.0 = Release|Any CPU
		{17A9A2B0-CECB-4206-A60D-8E745F1962B6}.Debug|Any CPU.ActiveCfg = Debug|Any CPU
		{17A9A2B0-CECB-4206-A60D-8E745F1962B6}.Debug|Any CPU.Build.0 = Debug|Any CPU
		{17A9A2B0-CECB-4206-A60D-8E745F1962B6}.Release|Any CPU.ActiveCfg = Release|Any CPU
		{17A9A2B0-CECB-4206-A60D-8E745F1962B6}.Release|Any CPU.Build.0 = Release|Any CPU
		{F6F357D6-3C6B-4A7D-99B0-4B6C6D7EFCE2}.Debug|Any CPU.ActiveCfg = Debug|Any CPU
		{F6F357D6-3C6B-4A7D-99B0-4B6C6D7EFCE2}.Debug|Any CPU.Build.0 = Debug|Any CPU
		{F6F357D6-3C6B-4A7D-99B0-4B6C6D7EFCE2}.Release|Any CPU.ActiveCfg = Release|Any CPU
		{F6F357D6-3C6B-4A7D-99B0-4B6C6D7EFCE2}.Release|Any CPU.Build.0 = Release|Any CPU
		{68BC208A-E9F6-4BE7-9D86-4D6350A34712}.Debug|Any CPU.ActiveCfg = Debug|Any CPU
		{68BC208A-E9F6-4BE7-9D86-4D6350A34712}.Debug|Any CPU.Build.0 = Debug|Any CPU
		{68BC208A-E9F6-4BE7-9D86-4D6350A34712}.Release|Any CPU.ActiveCfg = Release|Any CPU
		{68BC208A-E9F6-4BE7-9D86-4D6350A34712}.Release|Any CPU.Build.0 = Release|Any CPU
		{0D8FC738-979A-4BC2-96C3-A0AC9CF83B1C}.Debug|Any CPU.ActiveCfg = Debug|Any CPU
		{0D8FC738-979A-4BC2-96C3-A0AC9CF83B1C}.Debug|Any CPU.Build.0 = Debug|Any CPU
		{0D8FC738-979A-4BC2-96C3-A0AC9CF83B1C}.Release|Any CPU.ActiveCfg = Release|Any CPU
		{0D8FC738-979A-4BC2-96C3-A0AC9CF83B1C}.Release|Any CPU.Build.0 = Release|Any CPU
		{E8C6A7E5-4C91-40E2-9DA4-6DDC67A18042}.Debug|Any CPU.ActiveCfg = Debug|Any CPU
		{E8C6A7E5-4C91-40E2-9DA4-6DDC67A18042}.Debug|Any CPU.Build.0 = Debug|Any CPU
		{E8C6A7E5-4C91-40E2-9DA4-6DDC67A18042}.Release|Any CPU.ActiveCfg = Release|Any CPU
		{E8C6A7E5-4C91-40E2-9DA4-6DDC67A18042}.Release|Any CPU.Build.0 = Release|Any CPU
		{F68061E6-1978-4A38-A490-A72448C4B737}.Debug|Any CPU.ActiveCfg = Debug|Any CPU
		{F68061E6-1978-4A38-A490-A72448C4B737}.Debug|Any CPU.Build.0 = Debug|Any CPU
		{F68061E6-1978-4A38-A490-A72448C4B737}.Release|Any CPU.ActiveCfg = Release|Any CPU
		{F68061E6-1978-4A38-A490-A72448C4B737}.Release|Any CPU.Build.0 = Release|Any CPU
	EndGlobalSection
	GlobalSection(SolutionProperties) = preSolution
		HideSolutionNode = FALSE
	EndGlobalSection
	GlobalSection(NestedProjects) = preSolution
		{5AB158FF-61A3-4AE3-BCF9-3F7C5B881101} = {370E4539-1686-4E75-ADAD-81BF6A0AED84}
		{33A89C90-5AB6-44C3-B237-3A5F9753E3B6} = {DC4A0C70-D357-494A-B6B6-377A15764E22}
		{9ED43CB8-0528-4ABF-AF1D-8AC4EC634D22} = {DC4A0C70-D357-494A-B6B6-377A15764E22}
		{513E2C93-E125-4F58-8E4E-2C4A004CA742} = {DC4A0C70-D357-494A-B6B6-377A15764E22}
		{8E795B28-31C0-4814-92FC-D44FE5C4CC19} = {DC4A0C70-D357-494A-B6B6-377A15764E22}
		{17A9A2B0-CECB-4206-A60D-8E745F1962B6} = {1E56AC39-7838-4B62-A3F9-34E37EC2C179}
		{F6F357D6-3C6B-4A7D-99B0-4B6C6D7EFCE2} = {DC4A0C70-D357-494A-B6B6-377A15764E22}
		{68BC208A-E9F6-4BE7-9D86-4D6350A34712} = {FCE0B004-C821-4F0C-AA32-9FC003AE1ED2}
		{0D8FC738-979A-4BC2-96C3-A0AC9CF83B1C} = {DC4A0C70-D357-494A-B6B6-377A15764E22}
		{E8C6A7E5-4C91-40E2-9DA4-6DDC67A18042} = {DC4A0C70-D357-494A-B6B6-377A15764E22}
		{F68061E6-1978-4A38-A490-A72448C4B737} = {FBD3B29C-FDA4-4105-9138-4B2EA21CA10C}
	EndGlobalSection
	GlobalSection(ExtensibilityGlobals) = postSolution
		SolutionGuid = {6CA9C655-236C-4B2E-9B09-554482D76693}
	EndGlobalSection
EndGlobal
